
Microsoft Visual Studio Solution File, Format Version 12.00
# Visual Studio Version 17
VisualStudioVersion = 17.12.35527.113
MinimumVisualStudioVersion = 10.0.40219.1
Project("{FAE04EC0-301F-11D3-BF4B-00C04F79EFBC}") = "TMS-Backend", "TMS-Backend\TMS-Backend.csproj", "{F3CD53BB-E757-41DB-B3E9-FB0E6AD9802C}"
EndProject
Project("{FAE04EC0-301F-11D3-BF4B-00C04F79EFBC}") = "Database", "Database\Database.csproj", "{39E4945B-A4B0-4649-84F2-CEDE247BBE00}"
EndProject
Project("{FAE04EC0-301F-11D3-BF4B-00C04F79EFBC}") = "Service", "Service\Service.csproj", "{240CC8CB-0871-4429-949E-948B5597A2A6}"
EndProject
Project("{FAE04EC0-301F-11D3-BF4B-00C04F79EFBC}") = "ViewModel", "ViewModel\ViewModel.csproj", "{15787119-99EC-4C91-A24D-001C2114A32D}"
EndProject
Global
	GlobalSection(SolutionConfigurationPlatforms) = preSolution
		Debug|Any CPU = Debug|Any CPU
		Release|Any CPU = Release|Any CPU
	EndGlobalSection
	GlobalSection(ProjectConfigurationPlatforms) = postSolution
		{F3CD53BB-E757-41DB-B3E9-FB0E6AD9802C}.Debug|Any CPU.ActiveCfg = Debug|Any CPU
		{F3CD53BB-E757-41DB-B3E9-FB0E6AD9802C}.Debug|Any CPU.Build.0 = Debug|Any CPU
		{F3CD53BB-E757-41DB-B3E9-FB0E6AD9802C}.Release|Any CPU.ActiveCfg = Release|Any CPU
		{F3CD53BB-E757-41DB-B3E9-FB0E6AD9802C}.Release|Any CPU.Build.0 = Release|Any CPU
		{39E4945B-A4B0-4649-84F2-CEDE247BBE00}.Debug|Any CPU.ActiveCfg = Debug|Any CPU
		{39E4945B-A4B0-4649-84F2-CEDE247BBE00}.Debug|Any CPU.Build.0 = Debug|Any CPU
		{39E4945B-A4B0-4649-84F2-CEDE247BBE00}.Release|Any CPU.ActiveCfg = Release|Any CPU
		{39E4945B-A4B0-4649-84F2-CEDE247BBE00}.Release|Any CPU.Build.0 = Release|Any CPU
		{240CC8CB-0871-4429-949E-948B5597A2A6}.Debug|Any CPU.ActiveCfg = Debug|Any CPU
		{240CC8CB-0871-4429-949E-948B5597A2A6}.Debug|Any CPU.Build.0 = Debug|Any CPU
		{240CC8CB-0871-4429-949E-948B5597A2A6}.Release|Any CPU.ActiveCfg = Release|Any CPU
		{240CC8CB-0871-4429-949E-948B5597A2A6}.Release|Any CPU.Build.0 = Release|Any CPU
		{15787119-99EC-4C91-A24D-001C2114A32D}.Debug|Any CPU.ActiveCfg = Debug|Any CPU
		{15787119-99EC-4C91-A24D-001C2114A32D}.Debug|Any CPU.Build.0 = Debug|Any CPU
		{15787119-99EC-4C91-A24D-001C2114A32D}.Release|Any CPU.ActiveCfg = Release|Any CPU
		{15787119-99EC-4C91-A24D-001C2114A32D}.Release|Any CPU.Build.0 = Release|Any CPU
	EndGlobalSection
	GlobalSection(SolutionProperties) = preSolution
		HideSolutionNode = FALSE
	EndGlobalSection
EndGlobal
